
Microsoft Visual Studio Solution File, Format Version 12.00
# Visual Studio 15
VisualStudioVersion = 15.0.28307.1300
MinimumVisualStudioVersion = 10.0.40219.1
Project("{159641D6-6404-4A2A-AE62-294DE0FE8301}") = "DW_Proj_V2", "DW_Proj_V2\DW_Proj_V2.dtproj", "{0240B584-2C99-44AF-B01B-D3164F4E84E4}"
EndProject
Global
	GlobalSection(SolutionConfigurationPlatforms) = preSolution
		Development|Default = Development|Default
	EndGlobalSection
	GlobalSection(ProjectConfigurationPlatforms) = postSolution
		{0240B584-2C99-44AF-B01B-D3164F4E84E4}.Development|Default.ActiveCfg = Development
		{0240B584-2C99-44AF-B01B-D3164F4E84E4}.Development|Default.Build.0 = Development
	EndGlobalSection
	GlobalSection(SolutionProperties) = preSolution
		HideSolutionNode = FALSE
	EndGlobalSection
	GlobalSection(ExtensibilityGlobals) = postSolution
		SolutionGuid = {01F16A0E-CE69-43C5-BB47-DADAD4F54FD4}
	EndGlobalSection
EndGlobal
